
Microsoft Visual Studio Solution File, Format Version 12.00
# Visual Studio 15
VisualStudioVersion = 15.0.28307.168
MinimumVisualStudioVersion = 10.0.40219.1
Project("{8BC9CEB8-8B4A-11D0-8D11-00A0C91BC942}") = "EmguCvEllipseDetector", "EmguCvEllipseDetector\EmguCvEllipseDetector.vcxproj", "{3A3BEDEE-1564-4A22-AC8C-0AE501A5B4F1}"
EndProject
Project("{FAE04EC0-301F-11D3-BF4B-00C04F79EFBC}") = "TestCSharp", "TestCSharp\TestCSharp.csproj", "{3D2D5540-5929-40CB-968F-22D71F363EF2}"
EndProject
Global
	GlobalSection(SolutionConfigurationPlatforms) = preSolution
		Debug|Any CPU = Debug|Any CPU
		Debug|x64 = Debug|x64
		Debug|x86 = Debug|x86
		Release|Any CPU = Release|Any CPU
		Release|x64 = Release|x64
		Release|x86 = Release|x86
	EndGlobalSection
	GlobalSection(ProjectConfigurationPlatforms) = postSolution
		{3A3BEDEE-1564-4A22-AC8C-0AE501A5B4F1}.Debug|Any CPU.ActiveCfg = Debug|Win32
		{3A3BEDEE-1564-4A22-AC8C-0AE501A5B4F1}.Debug|x64.ActiveCfg = Debug|x64
		{3A3BEDEE-1564-4A22-AC8C-0AE501A5B4F1}.Debug|x64.Build.0 = Debug|x64
		{3A3BEDEE-1564-4A22-AC8C-0AE501A5B4F1}.Debug|x86.ActiveCfg = Debug|Win32
		{3A3BEDEE-1564-4A22-AC8C-0AE501A5B4F1}.Debug|x86.Build.0 = Debug|Win32
		{3A3BEDEE-1564-4A22-AC8C-0AE501A5B4F1}.Release|Any CPU.ActiveCfg = Release|Win32
		{3A3BEDEE-1564-4A22-AC8C-0AE501A5B4F1}.Release|x64.ActiveCfg = Release|x64
		{3A3BEDEE-1564-4A22-AC8C-0AE501A5B4F1}.Release|x64.Build.0 = Release|x64
		{3A3BEDEE-1564-4A22-AC8C-0AE501A5B4F1}.Release|x86.ActiveCfg = Release|Win32
		{3A3BEDEE-1564-4A22-AC8C-0AE501A5B4F1}.Release|x86.Build.0 = Release|Win32
		{3D2D5540-5929-40CB-968F-22D71F363EF2}.Debug|Any CPU.ActiveCfg = Debug|Any CPU
		{3D2D5540-5929-40CB-968F-22D71F363EF2}.Debug|Any CPU.Build.0 = Debug|Any CPU
		{3D2D5540-5929-40CB-968F-22D71F363EF2}.Debug|x64.ActiveCfg = Debug|x64
		{3D2D5540-5929-40CB-968F-22D71F363EF2}.Debug|x64.Build.0 = Debug|x64
		{3D2D5540-5929-40CB-968F-22D71F363EF2}.Debug|x86.ActiveCfg = Debug|Any CPU
		{3D2D5540-5929-40CB-968F-22D71F363EF2}.Debug|x86.Build.0 = Debug|Any CPU
		{3D2D5540-5929-40CB-968F-22D71F363EF2}.Release|Any CPU.ActiveCfg = Release|Any CPU
		{3D2D5540-5929-40CB-968F-22D71F363EF2}.Release|Any CPU.Build.0 = Release|Any CPU
		{3D2D5540-5929-40CB-968F-22D71F363EF2}.Release|x64.ActiveCfg = Release|x64
		{3D2D5540-5929-40CB-968F-22D71F363EF2}.Release|x64.Build.0 = Release|x64
		{3D2D5540-5929-40CB-968F-22D71F363EF2}.Release|x86.ActiveCfg = Release|Any CPU
		{3D2D5540-5929-40CB-968F-22D71F363EF2}.Release|x86.Build.0 = Release|Any CPU
	EndGlobalSection
	GlobalSection(SolutionProperties) = preSolution
		HideSolutionNode = FALSE
	EndGlobalSection
	GlobalSection(ExtensibilityGlobals) = postSolution
		SolutionGuid = {A2BB9A59-685E-43F0-8031-C0229FB59E63}
	EndGlobalSection
EndGlobal
